
Microsoft Visual Studio Solution File, Format Version 12.00
# Visual Studio 15
VisualStudioVersion = 15.0.28010.2003
MinimumVisualStudioVersion = 10.0.40219.1
Project("{9A19103F-16F7-4668-BE54-9A1E7A4F7556}") = "GraphCreator", "GraphCreator\GraphCreator.csproj", "{3ED377FF-9AAC-4737-8654-5D2BE8E696B9}"
EndProject
Global
	GlobalSection(SolutionConfigurationPlatforms) = preSolution
		Debug|Any CPU = Debug|Any CPU
		Release|Any CPU = Release|Any CPU
	EndGlobalSection
	GlobalSection(ProjectConfigurationPlatforms) = postSolution
		{3ED377FF-9AAC-4737-8654-5D2BE8E696B9}.Debug|Any CPU.ActiveCfg = Debug|Any CPU
		{3ED377FF-9AAC-4737-8654-5D2BE8E696B9}.Debug|Any CPU.Build.0 = Debug|Any CPU
		{3ED377FF-9AAC-4737-8654-5D2BE8E696B9}.Release|Any CPU.ActiveCfg = Release|Any CPU
		{3ED377FF-9AAC-4737-8654-5D2BE8E696B9}.Release|Any CPU.Build.0 = Release|Any CPU
	EndGlobalSection
	GlobalSection(SolutionProperties) = preSolution
		HideSolutionNode = FALSE
	EndGlobalSection
	GlobalSection(ExtensibilityGlobals) = postSolution
		SolutionGuid = {8729E23A-84FF-4A61-A48C-D6EB0542DE65}
	EndGlobalSection
EndGlobal
